
Microsoft Visual Studio Solution File, Format Version 12.00
# Visual Studio Version 17
VisualStudioVersion = 17.3.32825.248
MinimumVisualStudioVersion = 10.0.40219.1
Project("{FAE04EC0-301F-11D3-BF4B-00C04F79EFBC}") = "proyectSchool", "proyectSchool\proyectSchool.csproj", "{C82C14AB-999C-4B5B-8F72-BAD2198C885A}"
EndProject
Project("{FAE04EC0-301F-11D3-BF4B-00C04F79EFBC}") = "blSchool", "blSchool\blSchool.csproj", "{9A68DB7E-8439-4E04-A651-1386DC24847A}"
EndProject
Global
	GlobalSection(SolutionConfigurationPlatforms) = preSolution
		Debug|Any CPU = Debug|Any CPU
		Release|Any CPU = Release|Any CPU
	EndGlobalSection
	GlobalSection(ProjectConfigurationPlatforms) = postSolution
		{C82C14AB-999C-4B5B-8F72-BAD2198C885A}.Debug|Any CPU.ActiveCfg = Debug|Any CPU
		{C82C14AB-999C-4B5B-8F72-BAD2198C885A}.Debug|Any CPU.Build.0 = Debug|Any CPU
		{C82C14AB-999C-4B5B-8F72-BAD2198C885A}.Release|Any CPU.ActiveCfg = Release|Any CPU
		{C82C14AB-999C-4B5B-8F72-BAD2198C885A}.Release|Any CPU.Build.0 = Release|Any CPU
		{9A68DB7E-8439-4E04-A651-1386DC24847A}.Debug|Any CPU.ActiveCfg = Debug|Any CPU
		{9A68DB7E-8439-4E04-A651-1386DC24847A}.Debug|Any CPU.Build.0 = Debug|Any CPU
		{9A68DB7E-8439-4E04-A651-1386DC24847A}.Release|Any CPU.ActiveCfg = Release|Any CPU
		{9A68DB7E-8439-4E04-A651-1386DC24847A}.Release|Any CPU.Build.0 = Release|Any CPU
	EndGlobalSection
	GlobalSection(SolutionProperties) = preSolution
		HideSolutionNode = FALSE
	EndGlobalSection
	GlobalSection(ExtensibilityGlobals) = postSolution
		SolutionGuid = {BC4F3FBF-D5A1-44CB-A29F-509F1C10504F}
	EndGlobalSection
EndGlobal
